
Microsoft Visual Studio Solution File, Format Version 12.00
# Visual Studio Version 17
VisualStudioVersion = 17.0.32112.339
MinimumVisualStudioVersion = 10.0.40219.1
Project("{FAE04EC0-301F-11D3-BF4B-00C04F79EFBC}") = "03. Calculations", "03. Calculations\03. Calculations.csproj", "{E552FE1F-28E1-4DF6-800D-F6734CCFE2B2}"
EndProject
Global
	GlobalSection(SolutionConfigurationPlatforms) = preSolution
		Debug|Any CPU = Debug|Any CPU
		Release|Any CPU = Release|Any CPU
	EndGlobalSection
	GlobalSection(ProjectConfigurationPlatforms) = postSolution
		{E552FE1F-28E1-4DF6-800D-F6734CCFE2B2}.Debug|Any CPU.ActiveCfg = Debug|Any CPU
		{E552FE1F-28E1-4DF6-800D-F6734CCFE2B2}.Debug|Any CPU.Build.0 = Debug|Any CPU
		{E552FE1F-28E1-4DF6-800D-F6734CCFE2B2}.Release|Any CPU.ActiveCfg = Release|Any CPU
		{E552FE1F-28E1-4DF6-800D-F6734CCFE2B2}.Release|Any CPU.Build.0 = Release|Any CPU
	EndGlobalSection
	GlobalSection(SolutionProperties) = preSolution
		HideSolutionNode = FALSE
	EndGlobalSection
	GlobalSection(ExtensibilityGlobals) = postSolution
		SolutionGuid = {A34E52F3-7D44-4818-B097-B0FC374E3B17}
	EndGlobalSection
EndGlobal
