
Microsoft Visual Studio Solution File, Format Version 12.00
# Visual Studio Version 17
VisualStudioVersion = 17.0.32112.339
MinimumVisualStudioVersion = 10.0.40219.1
Project("{FAE04EC0-301F-11D3-BF4B-00C04F79EFBC}") = "05. Sum Even Numbers", "05. Sum Even Numbers\05. Sum Even Numbers.csproj", "{53D2AD1F-E14E-44D2-BFFC-5DAD7763037A}"
EndProject
Global
	GlobalSection(SolutionConfigurationPlatforms) = preSolution
		Debug|Any CPU = Debug|Any CPU
		Release|Any CPU = Release|Any CPU
	EndGlobalSection
	GlobalSection(ProjectConfigurationPlatforms) = postSolution
		{53D2AD1F-E14E-44D2-BFFC-5DAD7763037A}.Debug|Any CPU.ActiveCfg = Debug|Any CPU
		{53D2AD1F-E14E-44D2-BFFC-5DAD7763037A}.Debug|Any CPU.Build.0 = Debug|Any CPU
		{53D2AD1F-E14E-44D2-BFFC-5DAD7763037A}.Release|Any CPU.ActiveCfg = Release|Any CPU
		{53D2AD1F-E14E-44D2-BFFC-5DAD7763037A}.Release|Any CPU.Build.0 = Release|Any CPU
	EndGlobalSection
	GlobalSection(SolutionProperties) = preSolution
		HideSolutionNode = FALSE
	EndGlobalSection
	GlobalSection(ExtensibilityGlobals) = postSolution
		SolutionGuid = {FC7DA3C6-5378-49A1-9F08-2E241A1CA84E}
	EndGlobalSection
EndGlobal
