
Microsoft Visual Studio Solution File, Format Version 12.00
# Visual Studio Version 17
VisualStudioVersion = 17.0.32112.339
MinimumVisualStudioVersion = 10.0.40219.1
Project("{FAE04EC0-301F-11D3-BF4B-00C04F79EFBC}") = "01. Smallest of Three Numbers", "01. Smallest of Three Numbers\01. Smallest of Three Numbers.csproj", "{5AA43024-FACE-4767-802A-52B7297BFA8F}"
EndProject
Global
	GlobalSection(SolutionConfigurationPlatforms) = preSolution
		Debug|Any CPU = Debug|Any CPU
		Release|Any CPU = Release|Any CPU
	EndGlobalSection
	GlobalSection(ProjectConfigurationPlatforms) = postSolution
		{5AA43024-FACE-4767-802A-52B7297BFA8F}.Debug|Any CPU.ActiveCfg = Debug|Any CPU
		{5AA43024-FACE-4767-802A-52B7297BFA8F}.Debug|Any CPU.Build.0 = Debug|Any CPU
		{5AA43024-FACE-4767-802A-52B7297BFA8F}.Release|Any CPU.ActiveCfg = Release|Any CPU
		{5AA43024-FACE-4767-802A-52B7297BFA8F}.Release|Any CPU.Build.0 = Release|Any CPU
	EndGlobalSection
	GlobalSection(SolutionProperties) = preSolution
		HideSolutionNode = FALSE
	EndGlobalSection
	GlobalSection(ExtensibilityGlobals) = postSolution
		SolutionGuid = {E1C6D5E5-CFF9-47C3-BAE0-B9ECB45AEDCF}
	EndGlobalSection
EndGlobal
