
Microsoft Visual Studio Solution File, Format Version 12.00
# Visual Studio Version 17
VisualStudioVersion = 17.0.32112.339
MinimumVisualStudioVersion = 10.0.40219.1
Project("{FAE04EC0-301F-11D3-BF4B-00C04F79EFBC}") = "04. Sum of Chars", "04. Sum of Chars\04. Sum of Chars.csproj", "{E25ED043-F89B-4E24-9353-7A051308B1A1}"
EndProject
Global
	GlobalSection(SolutionConfigurationPlatforms) = preSolution
		Debug|Any CPU = Debug|Any CPU
		Release|Any CPU = Release|Any CPU
	EndGlobalSection
	GlobalSection(ProjectConfigurationPlatforms) = postSolution
		{E25ED043-F89B-4E24-9353-7A051308B1A1}.Debug|Any CPU.ActiveCfg = Debug|Any CPU
		{E25ED043-F89B-4E24-9353-7A051308B1A1}.Debug|Any CPU.Build.0 = Debug|Any CPU
		{E25ED043-F89B-4E24-9353-7A051308B1A1}.Release|Any CPU.ActiveCfg = Release|Any CPU
		{E25ED043-F89B-4E24-9353-7A051308B1A1}.Release|Any CPU.Build.0 = Release|Any CPU
	EndGlobalSection
	GlobalSection(SolutionProperties) = preSolution
		HideSolutionNode = FALSE
	EndGlobalSection
	GlobalSection(ExtensibilityGlobals) = postSolution
		SolutionGuid = {02D0CD7F-FB60-4FC5-A92A-D85448CE89C8}
	EndGlobalSection
EndGlobal
