
Microsoft Visual Studio Solution File, Format Version 12.00
# Visual Studio Version 17
VisualStudioVersion = 17.0.32112.339
MinimumVisualStudioVersion = 10.0.40219.1
Project("{FAE04EC0-301F-11D3-BF4B-00C04F79EFBC}") = "11. Multiplication Table 2.0", "11. Multiplication Table 2.0\11. Multiplication Table 2.0.csproj", "{E4F8AFD9-E6AD-4D02-918F-61B45B58EF7C}"
EndProject
Global
	GlobalSection(SolutionConfigurationPlatforms) = preSolution
		Debug|Any CPU = Debug|Any CPU
		Release|Any CPU = Release|Any CPU
	EndGlobalSection
	GlobalSection(ProjectConfigurationPlatforms) = postSolution
		{E4F8AFD9-E6AD-4D02-918F-61B45B58EF7C}.Debug|Any CPU.ActiveCfg = Debug|Any CPU
		{E4F8AFD9-E6AD-4D02-918F-61B45B58EF7C}.Debug|Any CPU.Build.0 = Debug|Any CPU
		{E4F8AFD9-E6AD-4D02-918F-61B45B58EF7C}.Release|Any CPU.ActiveCfg = Release|Any CPU
		{E4F8AFD9-E6AD-4D02-918F-61B45B58EF7C}.Release|Any CPU.Build.0 = Release|Any CPU
	EndGlobalSection
	GlobalSection(SolutionProperties) = preSolution
		HideSolutionNode = FALSE
	EndGlobalSection
	GlobalSection(ExtensibilityGlobals) = postSolution
		SolutionGuid = {277D4BD1-74B9-49A8-A481-AA6735C44880}
	EndGlobalSection
EndGlobal
