
Microsoft Visual Studio Solution File, Format Version 12.00
# Visual Studio Version 17
VisualStudioVersion = 17.0.32112.339
MinimumVisualStudioVersion = 10.0.40219.1
Project("{FAE04EC0-301F-11D3-BF4B-00C04F79EFBC}") = "04. Reverse Array of Strings", "04. Reverse Array of Strings\04. Reverse Array of Strings.csproj", "{9BA1FF48-9CE3-44B8-A062-10789AEE7ECA}"
EndProject
Global
	GlobalSection(SolutionConfigurationPlatforms) = preSolution
		Debug|Any CPU = Debug|Any CPU
		Release|Any CPU = Release|Any CPU
	EndGlobalSection
	GlobalSection(ProjectConfigurationPlatforms) = postSolution
		{9BA1FF48-9CE3-44B8-A062-10789AEE7ECA}.Debug|Any CPU.ActiveCfg = Debug|Any CPU
		{9BA1FF48-9CE3-44B8-A062-10789AEE7ECA}.Debug|Any CPU.Build.0 = Debug|Any CPU
		{9BA1FF48-9CE3-44B8-A062-10789AEE7ECA}.Release|Any CPU.ActiveCfg = Release|Any CPU
		{9BA1FF48-9CE3-44B8-A062-10789AEE7ECA}.Release|Any CPU.Build.0 = Release|Any CPU
	EndGlobalSection
	GlobalSection(SolutionProperties) = preSolution
		HideSolutionNode = FALSE
	EndGlobalSection
	GlobalSection(ExtensibilityGlobals) = postSolution
		SolutionGuid = {3D4F2CE8-BC2B-4769-8FE5-B4B625B2CFD4}
	EndGlobalSection
EndGlobal
