
Microsoft Visual Studio Solution File, Format Version 12.00
# Visual Studio Version 17
VisualStudioVersion = 17.0.32112.339
MinimumVisualStudioVersion = 10.0.40219.1
Project("{FAE04EC0-301F-11D3-BF4B-00C04F79EFBC}") = "1. Ages", "1. Ages\1. Ages.csproj", "{95CD6428-37F8-4793-AF64-D0E56C0D4A72}"
EndProject
Global
	GlobalSection(SolutionConfigurationPlatforms) = preSolution
		Debug|Any CPU = Debug|Any CPU
		Release|Any CPU = Release|Any CPU
	EndGlobalSection
	GlobalSection(ProjectConfigurationPlatforms) = postSolution
		{95CD6428-37F8-4793-AF64-D0E56C0D4A72}.Debug|Any CPU.ActiveCfg = Debug|Any CPU
		{95CD6428-37F8-4793-AF64-D0E56C0D4A72}.Debug|Any CPU.Build.0 = Debug|Any CPU
		{95CD6428-37F8-4793-AF64-D0E56C0D4A72}.Release|Any CPU.ActiveCfg = Release|Any CPU
		{95CD6428-37F8-4793-AF64-D0E56C0D4A72}.Release|Any CPU.Build.0 = Release|Any CPU
	EndGlobalSection
	GlobalSection(SolutionProperties) = preSolution
		HideSolutionNode = FALSE
	EndGlobalSection
	GlobalSection(ExtensibilityGlobals) = postSolution
		SolutionGuid = {E8795BD8-BB66-45B2-8800-350A4050D303}
	EndGlobalSection
EndGlobal
