
Microsoft Visual Studio Solution File, Format Version 12.00
# Visual Studio Version 17
VisualStudioVersion = 17.0.32112.339
MinimumVisualStudioVersion = 10.0.40219.1
Project("{FAE04EC0-301F-11D3-BF4B-00C04F79EFBC}") = "08. Beer Kegs", "08. Beer Kegs\08. Beer Kegs.csproj", "{3EB5CC30-934E-4C5E-96B6-F422F6CBE237}"
EndProject
Global
	GlobalSection(SolutionConfigurationPlatforms) = preSolution
		Debug|Any CPU = Debug|Any CPU
		Release|Any CPU = Release|Any CPU
	EndGlobalSection
	GlobalSection(ProjectConfigurationPlatforms) = postSolution
		{3EB5CC30-934E-4C5E-96B6-F422F6CBE237}.Debug|Any CPU.ActiveCfg = Debug|Any CPU
		{3EB5CC30-934E-4C5E-96B6-F422F6CBE237}.Debug|Any CPU.Build.0 = Debug|Any CPU
		{3EB5CC30-934E-4C5E-96B6-F422F6CBE237}.Release|Any CPU.ActiveCfg = Release|Any CPU
		{3EB5CC30-934E-4C5E-96B6-F422F6CBE237}.Release|Any CPU.Build.0 = Release|Any CPU
	EndGlobalSection
	GlobalSection(SolutionProperties) = preSolution
		HideSolutionNode = FALSE
	EndGlobalSection
	GlobalSection(ExtensibilityGlobals) = postSolution
		SolutionGuid = {91E15018-987A-44BE-8877-3F23356F794B}
	EndGlobalSection
EndGlobal
