
Microsoft Visual Studio Solution File, Format Version 12.00
# Visual Studio Version 17
VisualStudioVersion = 17.0.32112.339
MinimumVisualStudioVersion = 10.0.40219.1
Project("{FAE04EC0-301F-11D3-BF4B-00C04F79EFBC}") = "07. Concat Names", "07. Concat Names\07. Concat Names.csproj", "{CE7C32BD-79AB-48F6-9822-D438FAEBA1A9}"
EndProject
Global
	GlobalSection(SolutionConfigurationPlatforms) = preSolution
		Debug|Any CPU = Debug|Any CPU
		Release|Any CPU = Release|Any CPU
	EndGlobalSection
	GlobalSection(ProjectConfigurationPlatforms) = postSolution
		{CE7C32BD-79AB-48F6-9822-D438FAEBA1A9}.Debug|Any CPU.ActiveCfg = Debug|Any CPU
		{CE7C32BD-79AB-48F6-9822-D438FAEBA1A9}.Debug|Any CPU.Build.0 = Debug|Any CPU
		{CE7C32BD-79AB-48F6-9822-D438FAEBA1A9}.Release|Any CPU.ActiveCfg = Release|Any CPU
		{CE7C32BD-79AB-48F6-9822-D438FAEBA1A9}.Release|Any CPU.Build.0 = Release|Any CPU
	EndGlobalSection
	GlobalSection(SolutionProperties) = preSolution
		HideSolutionNode = FALSE
	EndGlobalSection
	GlobalSection(ExtensibilityGlobals) = postSolution
		SolutionGuid = {47BDB077-B552-4B06-A7A8-396BA2E0F1D3}
	EndGlobalSection
EndGlobal
