
Microsoft Visual Studio Solution File, Format Version 12.00
# Visual Studio Version 17
VisualStudioVersion = 17.0.32112.339
MinimumVisualStudioVersion = 10.0.40219.1
Project("{FAE04EC0-301F-11D3-BF4B-00C04F79EFBC}") = "13. Holidays Between Two Dates", "13. Holidays Between Two Dates\13. Holidays Between Two Dates.csproj", "{AABE2465-21C6-4AC8-B640-3BBB3B74865D}"
EndProject
Global
	GlobalSection(SolutionConfigurationPlatforms) = preSolution
		Debug|Any CPU = Debug|Any CPU
		Release|Any CPU = Release|Any CPU
	EndGlobalSection
	GlobalSection(ProjectConfigurationPlatforms) = postSolution
		{AABE2465-21C6-4AC8-B640-3BBB3B74865D}.Debug|Any CPU.ActiveCfg = Debug|Any CPU
		{AABE2465-21C6-4AC8-B640-3BBB3B74865D}.Debug|Any CPU.Build.0 = Debug|Any CPU
		{AABE2465-21C6-4AC8-B640-3BBB3B74865D}.Release|Any CPU.ActiveCfg = Release|Any CPU
		{AABE2465-21C6-4AC8-B640-3BBB3B74865D}.Release|Any CPU.Build.0 = Release|Any CPU
	EndGlobalSection
	GlobalSection(SolutionProperties) = preSolution
		HideSolutionNode = FALSE
	EndGlobalSection
	GlobalSection(ExtensibilityGlobals) = postSolution
		SolutionGuid = {156D3B6E-A2CD-4FB7-A258-E67E9C24B898}
	EndGlobalSection
EndGlobal
