
Microsoft Visual Studio Solution File, Format Version 12.00
# Visual Studio Version 17
VisualStudioVersion = 17.0.32112.339
MinimumVisualStudioVersion = 10.0.40219.1
Project("{FAE04EC0-301F-11D3-BF4B-00C04F79EFBC}") = "09. Padawan Equipment", "09. Padawan Equipment\09. Padawan Equipment.csproj", "{A39D334D-A373-48C6-9CA3-3C1B0BAD9EE6}"
EndProject
Global
	GlobalSection(SolutionConfigurationPlatforms) = preSolution
		Debug|Any CPU = Debug|Any CPU
		Release|Any CPU = Release|Any CPU
	EndGlobalSection
	GlobalSection(ProjectConfigurationPlatforms) = postSolution
		{A39D334D-A373-48C6-9CA3-3C1B0BAD9EE6}.Debug|Any CPU.ActiveCfg = Debug|Any CPU
		{A39D334D-A373-48C6-9CA3-3C1B0BAD9EE6}.Debug|Any CPU.Build.0 = Debug|Any CPU
		{A39D334D-A373-48C6-9CA3-3C1B0BAD9EE6}.Release|Any CPU.ActiveCfg = Release|Any CPU
		{A39D334D-A373-48C6-9CA3-3C1B0BAD9EE6}.Release|Any CPU.Build.0 = Release|Any CPU
	EndGlobalSection
	GlobalSection(SolutionProperties) = preSolution
		HideSolutionNode = FALSE
	EndGlobalSection
	GlobalSection(ExtensibilityGlobals) = postSolution
		SolutionGuid = {36F17C8B-1858-473E-8CFD-99788EA444A6}
	EndGlobalSection
EndGlobal
