
Microsoft Visual Studio Solution File, Format Version 12.00
# Visual Studio Version 17
VisualStudioVersion = 17.0.32112.339
MinimumVisualStudioVersion = 10.0.40219.1
Project("{FAE04EC0-301F-11D3-BF4B-00C04F79EFBC}") = "11. Array Manipulator", "11. Array Manipulator\11. Array Manipulator.csproj", "{5EF85B75-EAE7-4539-B9E3-5BFFB5CC2693}"
EndProject
Global
	GlobalSection(SolutionConfigurationPlatforms) = preSolution
		Debug|Any CPU = Debug|Any CPU
		Release|Any CPU = Release|Any CPU
	EndGlobalSection
	GlobalSection(ProjectConfigurationPlatforms) = postSolution
		{5EF85B75-EAE7-4539-B9E3-5BFFB5CC2693}.Debug|Any CPU.ActiveCfg = Debug|Any CPU
		{5EF85B75-EAE7-4539-B9E3-5BFFB5CC2693}.Debug|Any CPU.Build.0 = Debug|Any CPU
		{5EF85B75-EAE7-4539-B9E3-5BFFB5CC2693}.Release|Any CPU.ActiveCfg = Release|Any CPU
		{5EF85B75-EAE7-4539-B9E3-5BFFB5CC2693}.Release|Any CPU.Build.0 = Release|Any CPU
	EndGlobalSection
	GlobalSection(SolutionProperties) = preSolution
		HideSolutionNode = FALSE
	EndGlobalSection
	GlobalSection(ExtensibilityGlobals) = postSolution
		SolutionGuid = {EE1E07B9-5055-463A-8B6F-4034A4C79600}
	EndGlobalSection
EndGlobal
