
Microsoft Visual Studio Solution File, Format Version 12.00
# Visual Studio Version 17
VisualStudioVersion = 17.0.32112.339
MinimumVisualStudioVersion = 10.0.40219.1
Project("{FAE04EC0-301F-11D3-BF4B-00C04F79EFBC}") = "11. Orders", "11. Orders\11. Orders.csproj", "{0D352D07-84C8-4CF2-BB16-DDCA7B4E328B}"
EndProject
Global
	GlobalSection(SolutionConfigurationPlatforms) = preSolution
		Debug|Any CPU = Debug|Any CPU
		Release|Any CPU = Release|Any CPU
	EndGlobalSection
	GlobalSection(ProjectConfigurationPlatforms) = postSolution
		{0D352D07-84C8-4CF2-BB16-DDCA7B4E328B}.Debug|Any CPU.ActiveCfg = Debug|Any CPU
		{0D352D07-84C8-4CF2-BB16-DDCA7B4E328B}.Debug|Any CPU.Build.0 = Debug|Any CPU
		{0D352D07-84C8-4CF2-BB16-DDCA7B4E328B}.Release|Any CPU.ActiveCfg = Release|Any CPU
		{0D352D07-84C8-4CF2-BB16-DDCA7B4E328B}.Release|Any CPU.Build.0 = Release|Any CPU
	EndGlobalSection
	GlobalSection(SolutionProperties) = preSolution
		HideSolutionNode = FALSE
	EndGlobalSection
	GlobalSection(ExtensibilityGlobals) = postSolution
		SolutionGuid = {9B1DE6FE-7489-4EF8-AF8E-ADC044B7C47D}
	EndGlobalSection
EndGlobal
