
Microsoft Visual Studio Solution File, Format Version 12.00
# Visual Studio Version 17
VisualStudioVersion = 17.0.32112.339
MinimumVisualStudioVersion = 10.0.40219.1
Project("{FAE04EC0-301F-11D3-BF4B-00C04F79EFBC}") = "03. Characters in Range", "03. Characters in Range\03. Characters in Range.csproj", "{CA247217-0B19-4937-820F-F33ADC2D6000}"
EndProject
Global
	GlobalSection(SolutionConfigurationPlatforms) = preSolution
		Debug|Any CPU = Debug|Any CPU
		Release|Any CPU = Release|Any CPU
	EndGlobalSection
	GlobalSection(ProjectConfigurationPlatforms) = postSolution
		{CA247217-0B19-4937-820F-F33ADC2D6000}.Debug|Any CPU.ActiveCfg = Debug|Any CPU
		{CA247217-0B19-4937-820F-F33ADC2D6000}.Debug|Any CPU.Build.0 = Debug|Any CPU
		{CA247217-0B19-4937-820F-F33ADC2D6000}.Release|Any CPU.ActiveCfg = Release|Any CPU
		{CA247217-0B19-4937-820F-F33ADC2D6000}.Release|Any CPU.Build.0 = Release|Any CPU
	EndGlobalSection
	GlobalSection(SolutionProperties) = preSolution
		HideSolutionNode = FALSE
	EndGlobalSection
	GlobalSection(ExtensibilityGlobals) = postSolution
		SolutionGuid = {9EE011F3-F8A9-4513-A2B0-C409BFAA15DB}
	EndGlobalSection
EndGlobal
